github.com/Azure/azure-sdk-for-go/sdk/azcore v0.21.0 h1:8wVJL0HUP5yDFXvotdewORTw7Yu88JbreWN/mobSvsQ=
github.com/Azure/azure-sdk-for-go/sdk/azcore v0.21.0/go.mod h1:fBF9PQNqB8scdgpZ3ufzaLntG0AG7C1WjPMsiFOmfHM=
github.com/Azure/azure-sdk-for-go/sdk/internal v0.8.3/go.mod h1:KLF4gFr6DcKFZwSuH8w8yEK6DpFl3LP5rhdvAb7Yz5I=
github.com/Azure/azure-sdk-for-go/sdk/internal v0.9.1 h1:sLZ/Y+P/5RRtsXWylBjB5lkgixYfm0MQPiwrSX//JSo=
github.com/Azure/azure-sdk-for-go/sdk/internal v0.9.1/go.mod h1:KLF4gFr6DcKFZwSuH8w8yEK6DpFl3LP5rhdvAb7Yz5I=
github.com/cjlapao/common-go v0.0.18 h1:j6kT/0pmJ69HmUCs9LrCc7IWyxTOh2WYJyZMzUYTULs=
github.com/cjlapao/common-go v0.0.18/go.mod h1:zGdh2KmXnH4HTRfT7vPpY41cws776KULk44f09OPJgs=
github.com/davecgh/go-spew v1.1.0/go.mod h1:J7Y8YcW2NihsgmVo/mv3lAwl/skON4iLHjSsI+c5H38=
github.com/davecgh/go-spew v1.1.1 h1:vj9j/u1bqnvCEfJOwUhtlOARqs3+rkHYY13jYWTU97c=
github.com/davecgh/go-spew v1.1.1/go.mod h1:J7Y8YcW2NihsgmVo/mv3lAwl/skON4iLHjSsI+c5H38=
github.com/dnaeon/go-vcr v1.1.0/go.mod h1:M7tiix8f0r6mKKJ3Yq/kqU1OYf3MnfmBWVbPx/yU9ko=
github.com/google/uuid v1.3.0 h1:t6JiXgmwXMjEs8VusXIJk2BXHsn+wx8BZdTaoZ5fu7I=
github.com/google/uuid v1.3.0/go.mod h1:TIyPZe4MgqvfeYDBFedMoGGpEw/LqOeaOT+nhxU+yHo=
github.com/microsoft/kiota/abstractions/go v0.0.0-20211129093841-858bd540489b/go.mod h1:pIT6aBVb0aHisY52bSbYvb0nyxe+TqdZ8lkpKB7pLIo=
github.com/microsoft/kiota/abstractions/go v0.0.0-20211202082735-099f3c37853a h1:c2vBeXjRwGJUL7aG1gHFwB+LpdDL20XKIOKQWKUoNQk=
github.com/microsoft/kiota/abstractions/go v0.0.0-20211202082735-099f3c37853a/go.mod h1:m37MbLdeSZ7DBzKtGI+GmlDSIybJBkKhsvLMqkYosb8=
github.com/microsoft/kiota/abstractions/go v0.0.0-20220202150655-0505f19ca2d1 h1:X/Gl5CyFGfxeWluUsKDhw958XKOsx7wfPG82FVH9tH4=
github.com/microsoft/kiota/abstractions/go v0.0.0-20220202150655-0505f19ca2d1/go.mod h1:BUv5PFNuBLFXQlDtarjdgqdqDjee3FgfjrNkfZlA5us=
github.com/microsoft/kiota/abstractions/go v0.0.0-20220203083330-462603bf370f h1:uW+dBi9EsNsfbaV44vIm/fOnpTDkOTmoc1hCnsaeDWs=
github.com/microsoft/kiota/abstractions/go v0.0.0-20220203083330-462603bf370f/go.mod h1:BUv5PFNuBLFXQlDtarjdgqdqDjee3FgfjrNkfZlA5us=
github.com/microsoft/kiota/abstractions/go v0.0.0-20220208140201-eb59c2593f0e h1:g8ErDSRbmjW0xNGOWWEz5byCRG1p4i1OKAvt/V7EFDw=
github.com/microsoft/kiota/abstractions/go v0.0.0-20220208140201-eb59c2593f0e/go.mod h1:BUv5PFNuBLFXQlDtarjdgqdqDjee3FgfjrNkfZlA5us=
github.com/microsoft/kiota/abstractions/go v0.0.0-20220216133321-1457eed0a802 h1:ndIBoqpOI/O26O3iJZ4X5bPJeofTUWgQ0xtfOORqlEU=
github.com/microsoft/kiota/abstractions/go v0.0.0-20220216133321-1457eed0a802/go.mod h1:BUv5PFNuBLFXQlDtarjdgqdqDjee3FgfjrNkfZlA5us=
github.com/microsoft/kiota/abstractions/go v0.0.0-20220228170634-2309154a3c5b h1:trfSrLcuXiMWCx+APKuxPCr/kt8MzgnyWefiuUI2XZc=
github.com/microsoft/kiota/abstractions/go v0.0.0-20220228170634-2309154a3c5b/go.mod h1:BUv5PFNuBLFXQlDtarjdgqdqDjee3FgfjrNkfZlA5us=
github.com/microsoft/kiota/abstractions/go v0.0.0-20220228172739-49f23b2c1c13 h1:8N4EJU1zO9ReL+3NzvHuJ/w4WWwhAlsH9L/UVuX9SdI=
github.com/microsoft/kiota/abstractions/go v0.0.0-20220228172739-49f23b2c1c13/go.mod h1:BUv5PFNuBLFXQlDtarjdgqdqDjee3FgfjrNkfZlA5us=
github.com/microsoft/kiota/authentication/go/azure v0.0.0-20220203083330-462603bf370f h1:aFeimdOmiQKImFkSpxhQC0dXpbmK/HGyi7aEmSAb5C4=
github.com/microsoft/kiota/authentication/go/azure v0.0.0-20220203083330-462603bf370f/go.mod h1:k6kEqvKMm/0DnT0Est+NyKZj5sajJAmCn0emeXpwQ8k=
github.com/microsoft/kiota/http/go/nethttp v0.0.0-20211203130928-8449c9e67101 h1:kTG9Tg52O2gNm8LzwyiPyjFendknhU4iqnylDjKQgNU=
github.com/microsoft/kiota/http/go/nethttp v0.0.0-20211203130928-8449c9e67101/go.mod h1:GHdBYJaaiuZKz78KcLSrjcin5FGXUK3e0wlX69NJMwE=
github.com/microsoft/kiota/http/go/nethttp v0.0.0-20220202150655-0505f19ca2d1 h1:3Ec5hmD/hdcHlo9YcwdzXE0W91G9yAGYuRO3HxEZWB4=
github.com/microsoft/kiota/http/go/nethttp v0.0.0-20220202150655-0505f19ca2d1/go.mod h1:GHdBYJaaiuZKz78KcLSrjcin5FGXUK3e0wlX69NJMwE=
github.com/microsoft/kiota/http/go/nethttp v0.0.0-20220203083330-462603bf370f h1:O3ahtnc5u7qUx1yVHBw9DPBIB8otrAVoLJTKzoP8LuQ=
github.com/microsoft/kiota/http/go/nethttp v0.0.0-20220203083330-462603bf370f/go.mod h1:LKbY0SsmGB6Zch7ZmPlWOf4Ti3VYQdF3S0wZx6kzO9Q=
github.com/microsoft/kiota/http/go/nethttp v0.0.0-20220208115824-37b58910b7cb h1:GcfYRE0M/WNt1CTZ6zgYFVZTyPOBkLcso1ybDzGu6Lw=
github.com/microsoft/kiota/http/go/nethttp v0.0.0-20220208115824-37b58910b7cb/go.mod h1:A8H8Nm4YWsF76WIYez0Vlu8ZOoOab60W3K5OY7eg68Y=
github.com/microsoft/kiota/http/go/nethttp v0.0.0-20220208140201-eb59c2593f0e h1:JLLJxjAXVob8Q1auQBtB+O0rYI0JRWZFLUGVD2Pwbdg=
github.com/microsoft/kiota/http/go/nethttp v0.0.0-20220208140201-eb59c2593f0e/go.mod h1:A8H8Nm4YWsF76WIYez0Vlu8ZOoOab60W3K5OY7eg68Y=
github.com/microsoft/kiota/http/go/nethttp v0.0.0-20220216133321-1457eed0a802 h1:TKNPSA4apl073syl23ok3aH1kc2mTvPcGRbcTgCYMm0=
github.com/microsoft/kiota/http/go/nethttp v0.0.0-20220216133321-1457eed0a802/go.mod h1:IQATbMP2my2SOmeqixr0zobVo8wFJNR4BfBjAaKlOPo=
github.com/microsoft/kiota/http/go/nethttp v0.0.0-20220228170634-2309154a3c5b h1:SvsMNXOwdpIZzoYnCVvTpRSz7RlKXzHLvjDKqy34lf0=
github.com/microsoft/kiota/http/go/nethttp v0.0.0-20220228170634-2309154a3c5b/go.mod h1:IQATbMP2my2SOmeqixr0zobVo8wFJNR4BfBjAaKlOPo=
github.com/microsoft/kiota/http/go/nethttp v0.0.0-20220228172739-49f23b2c1c13 h1:LmBzjiIdr5y99D8PWb9CfwgkOKchmOkz0cmd/tdutHk=
github.com/microsoft/kiota/http/go/nethttp v0.0.0-20220228172739-49f23b2c1c13/go.mod h1:IQATbMP2my2SOmeqixr0zobVo8wFJNR4BfBjAaKlOPo=
github.com/microsoft/kiota/serialization/go/json v0.0.0-20220118084409-ae624d0bd384 h1:Ry9Nxq2JKda89pd3E9v3y5N8xN8dDnj4MDyP9SM5Nik=
github.com/microsoft/kiota/serialization/go/json v0.0.0-20220118084409-ae624d0bd384/go.mod h1:IpPcnMiN1topbt3+Tk2NAZiwvMI2Sa+xpSapGHC3wyw=
github.com/microsoft/kiota/serialization/go/json v0.0.0-20220202150655-0505f19ca2d1 h1:d94ewNUzfr5MXUVtG7f2fqZ3JrxY6FFjJa3nu76SFPM=
github.com/microsoft/kiota/serialization/go/json v0.0.0-20220202150655-0505f19ca2d1/go.mod h1:34nL++mVbjJJc2VHzEJu+syX3Mcyg0GysEYruAv4FqM=
github.com/modocache/gover v0.0.0-20171022184752-b58185e213c5/go.mod h1:caMODM3PzxT8aQXRPkAt8xlV/e7d7w8GM5g0fa5F0D8=
github.com/pmezard/go-difflib v1.0.0 h1:4DBwDE0NGyQoBHbLQYPwSUPoCMWR5BEzIk/f1lZbAQM=
github.com/pmezard/go-difflib v1.0.0/go.mod h1:iKH77koFhYxTK1pcRnkKkqfTogsbg7gZNVY4sRDYZ/4=
github.com/stretchr/objx v0.1.0/go.mod h1:HFkY916IF+rwdDfMAkV7OtwuqBVzrE8GR6GFx+wExME=
github.com/stretchr/testify v1.7.0 h1:nwc3DEeHmmLAfoZucVR881uASk0Mfjw8xYJ99tb5CcY=
github.com/stretchr/testify v1.7.0/go.mod h1:6Fq8oRcR53rry900zMqJjRRixrwX3KX962/h/Wwjteg=
github.com/yosida95/uritemplate/v3 v3.0.1 h1:+Fs//CsT+x231WmUQhMHWMxZizMvpnkOVWop02mVCfs=
github.com/yosida95/uritemplate/v3 v3.0.1/go.mod h1:ILOh0sOhIJR3+L/8afwt/kE++YT040gmv5BQTMR2HP4=
golang.org/x/crypto v0.0.0-20190308221718-c2843e01d9a2/go.mod h1:djNgcEr1/C05ACkg1iLfiJU5Ep61QUkGW8qpdssI0+w=
golang.org/x/crypto v0.0.0-20200622213623-75b288015ac9/go.mod h1:LzIPMQfyMNhhGPhUkYOs5KpL4U8rLKemX1yGLhDgUto=
golang.org/x/net v0.0.0-20190404232315-eb5bcb51f2a3/go.mod h1:t9HGtf8HONx5eT2rtn7q6eTqICYqUVnKs3thJo3Qplg=
golang.org/x/net v0.0.0-20201010224723-4f7140c49acb/go.mod h1:sp8m0HH+o8qH0wwXwYZr8TS3Oi6o0r6Gce1SSxlDquU=
golang.org/x/net v0.0.0-20210610132358-84b48f89b13b/go.mod h1:9nx3DQGgdP8bBQD5qxJ1jj9UTztislL4KSBs9R2vV5Y=
golang.org/x/net v0.0.0-20220127200216-cd36cc0744dd h1:O7DYs+zxREGLKzKoMQrtrEacpb0ZVXA5rIwylE2Xchk=
golang.org/x/net v0.0.0-20220127200216-cd36cc0744dd/go.mod h1:CfG3xpIq0wQ8r1q4Su4UZFWDARRcnwPjda9FqA0JpMk=
golang.org/x/sys v0.0.0-20190215142949-d0b11bdaac8a/go.mod h1:STP8DvDyc/dI5b8T5hshtkjS+E42TnysNCUPdjciGhY=
golang.org/x/sys v0.0.0-20190412213103-97732733099d/go.mod h1:h1NjWce9XRLGQEsW7wpKNCjG9DtNlClVuFLEZdDNbEs=
golang.org/x/sys v0.0.0-20200930185726-fdedc70b468f/go.mod h1:h1NjWce9XRLGQEsW7wpKNCjG9DtNlClVuFLEZdDNbEs=
golang.org/x/sys v0.0.0-20201119102817-f84b799fce68/go.mod h1:h1NjWce9XRLGQEsW7wpKNCjG9DtNlClVuFLEZdDNbEs=
golang.org/x/sys v0.0.0-20210423082822-04245dca01da/go.mod h1:h1NjWce9XRLGQEsW7wpKNCjG9DtNlClVuFLEZdDNbEs=
golang.org/x/term v0.0.0-20201126162022-7de9c90e9dd1/go.mod h1:bj7SfCRtBDWHUb9snDiAeCFNEtKQo2Wmx5Cou7ajbmo=
golang.org/x/text v0.3.0/go.mod h1:NqM8EUOU14njkJ3fqMW+pc6Ldnwhi/IjpwHt7yyuwOQ=
golang.org/x/text v0.3.3/go.mod h1:5Zoc/QRtKVWzQhOtBMvqHzDpF6irO9z98xDceosuGiQ=
golang.org/x/text v0.3.6/go.mod h1:5Zoc/QRtKVWzQhOtBMvqHzDpF6irO9z98xDceosuGiQ=
golang.org/x/text v0.3.7 h1:olpwvP2KacW1ZWvsR7uQhoyTYvKAupfQrRGBFM352Gk=
golang.org/x/text v0.3.7/go.mod h1:u+2+/6zg+i71rQMx5EYifcz6MCKuco9NR6JIITiCfzQ=
golang.org/x/tools v0.0.0-20180917221912-90fa682c2a6e/go.mod h1:n7NCudcB/nEzxVGmLbDWY5pfWTLqBcC2KZ6jyYvM4mQ=
gopkg.in/check.v1 v0.0.0-20161208181325-20d25e280405 h1:yhCVgyC4o1eVCa2tZl7eS0r+SDo693bJlVdllGtEeKM=
gopkg.in/check.v1 v0.0.0-20161208181325-20d25e280405/go.mod h1:Co6ibVJAznAaIkqp8huTwlJQCZ016jof/cbN4VW5Yz0=
gopkg.in/yaml.v2 v2.2.1/go.mod h1:hI93XBmqTisBFMUTm0b8Fm+jr3Dg1NNxqwp+5A1VGuI=
gopkg.in/yaml.v2 v2.4.0/go.mod h1:RDklbk79AGWmwhnvt/jBztapEOGDOx6ZbXqjP6csGnQ=
gopkg.in/yaml.v3 v3.0.0-20200313102051-9f266ea9e77c/go.mod h1:K4uyk7z7BCEPqu6E+C64Yfv1cQ7kz7rIZviUmN+EgEM=
gopkg.in/yaml.v3 v3.0.0-20210107192922-496545a6307b h1:h8qDotaEPuJATrMmW04NCwg7v22aHH28wwpauUhK9Oo=
gopkg.in/yaml.v3 v3.0.0-20210107192922-496545a6307b/go.mod h1:K4uyk7z7BCEPqu6E+C64Yfv1cQ7kz7rIZviUmN+EgEM=
